{
  "lockfileVersion": 1,
  "workspaces": {
    "": {
      "name": "deployer",
      "dependencies": {
        "@biomejs/biome": "^2.0.0",
        "@graphprotocol/grc-20": "^0.20.0",
        "viem": "^2.31.3",
      },
      "devDependencies": {
        "@types/bun": "^1.2.16",
      },
      "peerDependencies": {
        "typescript": "^5",
      },
    },
  },
  "packages": {
    "@adraffy/ens-normalize": ["@adraffy/ens-normalize@1.11.0", "", {}, "sha512-/3DDPKHqqIqxUULp8yP4zODUY1i+2xvVWsv8A79xGWdCAG+8sb0hRh0Rk2QyOJUnnbyPUAZYcpBuRe3nS2OIUg=="],

    "@babel/runtime": ["@babel/runtime@7.27.6", "", {}, "sha512-vbavdySgbTTrmFE+EsiqUTzlOr5bzlnJtUv9PynGCAKvfQqjIXbvFdumPM/GxMDfyuGMJaJAU6TO4zc1Jf1i8Q=="],

    "@biomejs/biome": ["@biomejs/biome@2.0.5", "", { "optionalDependencies": { "@biomejs/cli-darwin-arm64": "2.0.5", "@biomejs/cli-darwin-x64": "2.0.5", "@biomejs/cli-linux-arm64": "2.0.5", "@biomejs/cli-linux-arm64-musl": "2.0.5", "@biomejs/cli-linux-x64": "2.0.5", "@biomejs/cli-linux-x64-musl": "2.0.5", "@biomejs/cli-win32-arm64": "2.0.5", "@biomejs/cli-win32-x64": "2.0.5" }, "bin": { "biome": "bin/biome" } }, "sha512-MztFGhE6cVjf3QmomWu83GpTFyWY8KIcskgRf2AqVEMSH4qI4rNdBLdpAQ11TNK9pUfLGz3IIOC1ZYwgBePtig=="],

    "@biomejs/cli-darwin-arm64": ["@biomejs/cli-darwin-arm64@2.0.5", "", { "os": "darwin", "cpu": "arm64" }, "sha512-VIIWQv9Rcj9XresjCf3isBFfWjFStsdGZvm8SmwJzKs/22YQj167ge7DkxuaaZbNf2kmYif0AcjAKvtNedEoEw=="],

    "@biomejs/cli-darwin-x64": ["@biomejs/cli-darwin-x64@2.0.5", "", { "os": "darwin", "cpu": "x64" }, "sha512-DRpGxBgf5Z7HUFcNUB6n66UiD4VlBlMpngNf32wPraxX8vYU6N9cb3xQWOXIQVBBQ64QfsSLJnjNu79i/LNmSg=="],

    "@biomejs/cli-linux-arm64": ["@biomejs/cli-linux-arm64@2.0.5", "", { "os": "linux", "cpu": "arm64" }, "sha512-FQTfDNMXOknf8+g9Eede2daaduRjTC2SNbfWPNFMadN9K3UKjeZ62jwiYxztPaz9zQQsZU8VbddQIaeQY5CmIA=="],

    "@biomejs/cli-linux-arm64-musl": ["@biomejs/cli-linux-arm64-musl@2.0.5", "", { "os": "linux", "cpu": "arm64" }, "sha512-OpflTCOw/ElEs7QZqN/HFaSViPHjAsAPxFJ22LhWUWvuJgcy/Z8+hRV0/3mk/ZRWy5A6fCDKHZqAxU+xB6W4mA=="],

    "@biomejs/cli-linux-x64": ["@biomejs/cli-linux-x64@2.0.5", "", { "os": "linux", "cpu": "x64" }, "sha512-znpfydUDPuDkyBTulnODrQVK2FaG/4hIOPcQSsF2GeauQOYrBAOplj0etGB0NUrr0dFsvaQ15nzDXYb60ACoiw=="],

    "@biomejs/cli-linux-x64-musl": ["@biomejs/cli-linux-x64-musl@2.0.5", "", { "os": "linux", "cpu": "x64" }, "sha512-9lmjCnajAzpZXbav2P6D87ugkhnaDpJtDvOH5uQbY2RXeW6Rq18uOUltxgacGBP+d8GusTr+s3IFOu7SN0Ok8g=="],

    "@biomejs/cli-win32-arm64": ["@biomejs/cli-win32-arm64@2.0.5", "", { "os": "win32", "cpu": "arm64" }, "sha512-CP2wKQB+gh8HdJTFKYRFETqReAjxlcN9AlYDEoye8v2eQp+L9v+PUeDql/wsbaUhSsLR0sjj3PtbBtt+02AN3A=="],

    "@biomejs/cli-win32-x64": ["@biomejs/cli-win32-x64@2.0.5", "", { "os": "win32", "cpu": "x64" }, "sha512-Sw3rz2m6bBADeQpr3+MD7Ch4E1l15DTt/+dfqKnwkm3cn4BrYwnArmvKeZdVsFRDjMyjlKIP88bw1r7o+9aqzw=="],

    "@bufbuild/protobuf": ["@bufbuild/protobuf@1.10.1", "", {}, "sha512-wJ8ReQbHxsAfXhrf9ixl0aYbZorRuOWpBNzm8pL8ftmSxQx/wnJD5Eg861NwJU/czy2VXFIebCeZnZrI9rktIQ=="],

    "@changesets/apply-release-plan": ["@changesets/apply-release-plan@7.0.12", "", { "dependencies": { "@changesets/config": "^3.1.1", "@changesets/get-version-range-type": "^0.4.0", "@changesets/git": "^3.0.4", "@changesets/should-skip-package": "^0.1.2", "@changesets/types": "^6.1.0", "@manypkg/get-packages": "^1.1.3", "detect-indent": "^6.0.0", "fs-extra": "^7.0.1", "lodash.startcase": "^4.4.0", "outdent": "^0.5.0", "prettier": "^2.7.1", "resolve-from": "^5.0.0", "semver": "^7.5.3" } }, "sha512-EaET7As5CeuhTzvXTQCRZeBUcisoYPDDcXvgTE/2jmmypKp0RC7LxKj/yzqeh/1qFTZI7oDGFcL1PHRuQuketQ=="],

    "@changesets/assemble-release-plan": ["@changesets/assemble-release-plan@6.0.8", "", { "dependencies": { "@changesets/errors": "^0.2.0", "@changesets/get-dependents-graph": "^2.1.3", "@changesets/should-skip-package": "^0.1.2", "@changesets/types": "^6.1.0", "@manypkg/get-packages": "^1.1.3", "semver": "^7.5.3" } }, "sha512-y8+8LvZCkKJdbUlpXFuqcavpzJR80PN0OIfn8HZdwK7Sh6MgLXm4hKY5vu6/NDoKp8lAlM4ERZCqRMLxP4m+MQ=="],

    "@changesets/changelog-git": ["@changesets/changelog-git@0.2.1", "", { "dependencies": { "@changesets/types": "^6.1.0" } }, "sha512-x/xEleCFLH28c3bQeQIyeZf8lFXyDFVn1SgcBiR2Tw/r4IAWlk1fzxCEZ6NxQAjF2Nwtczoen3OA2qR+UawQ8Q=="],

    "@changesets/cli": ["@changesets/cli@2.29.4", "", { "dependencies": { "@changesets/apply-release-plan": "^7.0.12", "@changesets/assemble-release-plan": "^6.0.8", "@changesets/changelog-git": "^0.2.1", "@changesets/config": "^3.1.1", "@changesets/errors": "^0.2.0", "@changesets/get-dependents-graph": "^2.1.3", "@changesets/get-release-plan": "^4.0.12", "@changesets/git": "^3.0.4", "@changesets/logger": "^0.1.1", "@changesets/pre": "^2.0.2", "@changesets/read": "^0.6.5", "@changesets/should-skip-package": "^0.1.2", "@changesets/types": "^6.1.0", "@changesets/write": "^0.4.0", "@manypkg/get-packages": "^1.1.3", "ansi-colors": "^4.1.3", "ci-info": "^3.7.0", "enquirer": "^2.4.1", "external-editor": "^3.1.0", "fs-extra": "^7.0.1", "mri": "^1.2.0", "p-limit": "^2.2.0", "package-manager-detector": "^0.2.0", "picocolors": "^1.1.0", "resolve-from": "^5.0.0", "semver": "^7.5.3", "spawndamnit": "^3.0.1", "term-size": "^2.1.0" }, "bin": { "changeset": "bin.js" } }, "sha512-VW30x9oiFp/un/80+5jLeWgEU6Btj8IqOgI+X/zAYu4usVOWXjPIK5jSSlt5jsCU7/6Z7AxEkarxBxGUqkAmNg=="],

    "@changesets/config": ["@changesets/config@3.1.1", "", { "dependencies": { "@changesets/errors": "^0.2.0", "@changesets/get-dependents-graph": "^2.1.3", "@changesets/logger": "^0.1.1", "@changesets/types": "^6.1.0", "@manypkg/get-packages": "^1.1.3", "fs-extra": "^7.0.1", "micromatch": "^4.0.8" } }, "sha512-bd+3Ap2TKXxljCggI0mKPfzCQKeV/TU4yO2h2C6vAihIo8tzseAn2e7klSuiyYYXvgu53zMN1OeYMIQkaQoWnA=="],

    "@changesets/errors": ["@changesets/errors@0.2.0", "", { "dependencies": { "extendable-error": "^0.1.5" } }, "sha512-6BLOQUscTpZeGljvyQXlWOItQyU71kCdGz7Pi8H8zdw6BI0g3m43iL4xKUVPWtG+qrrL9DTjpdn8eYuCQSRpow=="],

    "@changesets/get-dependents-graph": ["@changesets/get-dependents-graph@2.1.3", "", { "dependencies": { "@changesets/types": "^6.1.0", "@manypkg/get-packages": "^1.1.3", "picocolors": "^1.1.0", "semver": "^7.5.3" } }, "sha512-gphr+v0mv2I3Oxt19VdWRRUxq3sseyUpX9DaHpTUmLj92Y10AGy+XOtV+kbM6L/fDcpx7/ISDFK6T8A/P3lOdQ=="],

    "@changesets/get-release-plan": ["@changesets/get-release-plan@4.0.12", "", { "dependencies": { "@changesets/assemble-release-plan": "^6.0.8", "@changesets/config": "^3.1.1", "@changesets/pre": "^2.0.2", "@changesets/read": "^0.6.5", "@changesets/types": "^6.1.0", "@manypkg/get-packages": "^1.1.3" } }, "sha512-KukdEgaafnyGryUwpHG2kZ7xJquOmWWWk5mmoeQaSvZTWH1DC5D/Sw6ClgGFYtQnOMSQhgoEbDxAbpIIayKH1g=="],

    "@changesets/get-version-range-type": ["@changesets/get-version-range-type@0.4.0", "", {}, "sha512-hwawtob9DryoGTpixy1D3ZXbGgJu1Rhr+ySH2PvTLHvkZuQ7sRT4oQwMh0hbqZH1weAooedEjRsbrWcGLCeyVQ=="],

    "@changesets/git": ["@changesets/git@3.0.4", "", { "dependencies": { "@changesets/errors": "^0.2.0", "@manypkg/get-packages": "^1.1.3", "is-subdir": "^1.1.1", "micromatch": "^4.0.8", "spawndamnit": "^3.0.1" } }, "sha512-BXANzRFkX+XcC1q/d27NKvlJ1yf7PSAgi8JG6dt8EfbHFHi4neau7mufcSca5zRhwOL8j9s6EqsxmT+s+/E6Sw=="],

    "@changesets/logger": ["@changesets/logger@0.1.1", "", { "dependencies": { "picocolors": "^1.1.0" } }, "sha512-OQtR36ZlnuTxKqoW4Sv6x5YIhOmClRd5pWsjZsddYxpWs517R0HkyiefQPIytCVh4ZcC5x9XaG8KTdd5iRQUfg=="],

    "@changesets/parse": ["@changesets/parse@0.4.1", "", { "dependencies": { "@changesets/types": "^6.1.0", "js-yaml": "^3.13.1" } }, "sha512-iwksMs5Bf/wUItfcg+OXrEpravm5rEd9Bf4oyIPL4kVTmJQ7PNDSd6MDYkpSJR1pn7tz/k8Zf2DhTCqX08Ou+Q=="],

    "@changesets/pre": ["@changesets/pre@2.0.2", "", { "dependencies": { "@changesets/errors": "^0.2.0", "@changesets/types": "^6.1.0", "@manypkg/get-packages": "^1.1.3", "fs-extra": "^7.0.1" } }, "sha512-HaL/gEyFVvkf9KFg6484wR9s0qjAXlZ8qWPDkTyKF6+zqjBe/I2mygg3MbpZ++hdi0ToqNUF8cjj7fBy0dg8Ug=="],

    "@changesets/read": ["@changesets/read@0.6.5", "", { "dependencies": { "@changesets/git": "^3.0.4", "@changesets/logger": "^0.1.1", "@changesets/parse": "^0.4.1", "@changesets/types": "^6.1.0", "fs-extra": "^7.0.1", "p-filter": "^2.1.0", "picocolors": "^1.1.0" } }, "sha512-UPzNGhsSjHD3Veb0xO/MwvasGe8eMyNrR/sT9gR8Q3DhOQZirgKhhXv/8hVsI0QpPjR004Z9iFxoJU6in3uGMg=="],

    "@changesets/should-skip-package": ["@changesets/should-skip-package@0.1.2", "", { "dependencies": { "@changesets/types": "^6.1.0", "@manypkg/get-packages": "^1.1.3" } }, "sha512-qAK/WrqWLNCP22UDdBTMPH5f41elVDlsNyat180A33dWxuUDyNpg6fPi/FyTZwRriVjg0L8gnjJn2F9XAoF0qw=="],

    "@changesets/types": ["@changesets/types@6.1.0", "", {}, "sha512-rKQcJ+o1nKNgeoYRHKOS07tAMNd3YSN0uHaJOZYjBAgxfV7TUE7JE+z4BzZdQwb5hKaYbayKN5KrYV7ODb2rAA=="],

    "@changesets/write": ["@changesets/write@0.4.0", "", { "dependencies": { "@changesets/types": "^6.1.0", "fs-extra": "^7.0.1", "human-id": "^4.1.1", "prettier": "^2.7.1" } }, "sha512-CdTLvIOPiCNuH71pyDu3rA+Q0n65cmAbXnwWH84rKGiFumFzkmHNT8KHTMEchcxN+Kl8I54xGUhJ7l3E7X396Q=="],

    "@ethersproject/abi": ["@ethersproject/abi@5.8.0", "", { "dependencies": { "@ethersproject/address": "^5.8.0", "@ethersproject/bignumber": "^5.8.0", "@ethersproject/bytes": "^5.8.0", "@ethersproject/constants": "^5.8.0", "@ethersproject/hash": "^5.8.0", "@ethersproject/keccak256": "^5.8.0", "@ethersproject/logger": "^5.8.0", "@ethersproject/properties": "^5.8.0", "@ethersproject/strings": "^5.8.0" } }, "sha512-b9YS/43ObplgyV6SlyQsG53/vkSal0MNA1fskSC4mbnCMi8R+NkcH8K9FPYNESf6jUefBUniE4SOKms0E/KK1Q=="],

    "@ethersproject/abstract-provider": ["@ethersproject/abstract-provider@5.8.0", "", { "dependencies": { "@ethersproject/bignumber": "^5.8.0", "@ethersproject/bytes": "^5.8.0", "@ethersproject/logger": "^5.8.0", "@ethersproject/networks": "^5.8.0", "@ethersproject/properties": "^5.8.0", "@ethersproject/transactions": "^5.8.0", "@ethersproject/web": "^5.8.0" } }, "sha512-wC9SFcmh4UK0oKuLJQItoQdzS/qZ51EJegK6EmAWlh+OptpQ/npECOR3QqECd8iGHC0RJb4WKbVdSfif4ammrg=="],

    "@ethersproject/abstract-signer": ["@ethersproject/abstract-signer@5.8.0", "", { "dependencies": { "@ethersproject/abstract-provider": "^5.8.0", "@ethersproject/bignumber": "^5.8.0", "@ethersproject/bytes": "^5.8.0", "@ethersproject/logger": "^5.8.0", "@ethersproject/properties": "^5.8.0" } }, "sha512-N0XhZTswXcmIZQdYtUnd79VJzvEwXQw6PK0dTl9VoYrEBxxCPXqS0Eod7q5TNKRxe1/5WUMuR0u0nqTF/avdCA=="],

    "@ethersproject/address": ["@ethersproject/address@5.8.0", "", { "dependencies": { "@ethersproject/bignumber": "^5.8.0", "@ethersproject/bytes": "^5.8.0", "@ethersproject/keccak256": "^5.8.0", "@ethersproject/logger": "^5.8.0", "@ethersproject/rlp": "^5.8.0" } }, "sha512-GhH/abcC46LJwshoN+uBNoKVFPxUuZm6dA257z0vZkKmU1+t8xTn8oK7B9qrj8W2rFRMch4gbJl6PmVxjxBEBA=="],

    "@ethersproject/base64": ["@ethersproject/base64@5.8.0", "", { "dependencies": { "@ethersproject/bytes": "^5.8.0" } }, "sha512-lN0oIwfkYj9LbPx4xEkie6rAMJtySbpOAFXSDVQaBnAzYfB4X2Qr+FXJGxMoc3Bxp2Sm8OwvzMrywxyw0gLjIQ=="],

    "@ethersproject/basex": ["@ethersproject/basex@5.8.0", "", { "dependencies": { "@ethersproject/bytes": "^5.8.0", "@ethersproject/properties": "^5.8.0" } }, "sha512-PIgTszMlDRmNwW9nhS6iqtVfdTAKosA7llYXNmGPw4YAI1PUyMv28988wAb41/gHF/WqGdoLv0erHaRcHRKW2Q=="],

    "@ethersproject/bignumber": ["@ethersproject/bignumber@5.8.0", "", { "dependencies": { "@ethersproject/bytes": "^5.8.0", "@ethersproject/logger": "^5.8.0", "bn.js": "^5.2.1" } }, "sha512-ZyaT24bHaSeJon2tGPKIiHszWjD/54Sz8t57Toch475lCLljC6MgPmxk7Gtzz+ddNN5LuHea9qhAe0x3D+uYPA=="],

    "@ethersproject/bytes": ["@ethersproject/bytes@5.8.0", "", { "dependencies": { "@ethersproject/logger": "^5.8.0" } }, "sha512-vTkeohgJVCPVHu5c25XWaWQOZ4v+DkGoC42/TS2ond+PARCxTJvgTFUNDZovyQ/uAQ4EcpqqowKydcdmRKjg7A=="],

    "@ethersproject/constants": ["@ethersproject/constants@5.8.0", "", { "dependencies": { "@ethersproject/bignumber": "^5.8.0" } }, "sha512-wigX4lrf5Vu+axVTIvNsuL6YrV4O5AXl5ubcURKMEME5TnWBouUh0CDTWxZ2GpnRn1kcCgE7l8O5+VbV9QTTcg=="],

    "@ethersproject/contracts": ["@ethersproject/contracts@5.8.0", "", { "dependencies": { "@ethersproject/abi": "^5.8.0", "@ethersproject/abstract-provider": "^5.8.0", "@ethersproject/abstract-signer": "^5.8.0", "@ethersproject/address": "^5.8.0", "@ethersproject/bignumber": "^5.8.0", "@ethersproject/bytes": "^5.8.0", "@ethersproject/constants": "^5.8.0", "@ethersproject/logger": "^5.8.0", "@ethersproject/properties": "^5.8.0", "@ethersproject/transactions": "^5.8.0" } }, "sha512-0eFjGz9GtuAi6MZwhb4uvUM216F38xiuR0yYCjKJpNfSEy4HUM8hvqqBj9Jmm0IUz8l0xKEhWwLIhPgxNY0yvQ=="],

    "@ethersproject/hash": ["@ethersproject/hash@5.8.0", "", { "dependencies": { "@ethersproject/abstract-signer": "^5.8.0", "@ethersproject/address": "^5.8.0", "@ethersproject/base64": "^5.8.0", "@ethersproject/bignumber": "^5.8.0", "@ethersproject/bytes": "^5.8.0", "@ethersproject/keccak256": "^5.8.0", "@ethersproject/logger": "^5.8.0", "@ethersproject/properties": "^5.8.0", "@ethersproject/strings": "^5.8.0" } }, "sha512-ac/lBcTbEWW/VGJij0CNSw/wPcw9bSRgCB0AIBz8CvED/jfvDoV9hsIIiWfvWmFEi8RcXtlNwp2jv6ozWOsooA=="],

    "@ethersproject/hdnode": ["@ethersproject/hdnode@5.8.0", "", { "dependencies": { "@ethersproject/abstract-signer": "^5.8.0", "@ethersproject/basex": "^5.8.0", "@ethersproject/bignumber": "^5.8.0", "@ethersproject/bytes": "^5.8.0", "@ethersproject/logger": "^5.8.0", "@ethersproject/pbkdf2": "^5.8.0", "@ethersproject/properties": "^5.8.0", "@ethersproject/sha2": "^5.8.0", "@ethersproject/signing-key": "^5.8.0", "@ethersproject/strings": "^5.8.0", "@ethersproject/transactions": "^5.8.0", "@ethersproject/wordlists": "^5.8.0" } }, "sha512-4bK1VF6E83/3/Im0ERnnUeWOY3P1BZml4ZD3wcH8Ys0/d1h1xaFt6Zc+Dh9zXf9TapGro0T4wvO71UTCp3/uoA=="],

    "@ethersproject/json-wallets": ["@ethersproject/json-wallets@5.8.0", "", { "dependencies": { "@ethersproject/abstract-signer": "^5.8.0", "@ethersproject/address": "^5.8.0", "@ethersproject/bytes": "^5.8.0", "@ethersproject/hdnode": "^5.8.0", "@ethersproject/keccak256": "^5.8.0", "@ethersproject/logger": "^5.8.0", "@ethersproject/pbkdf2": "^5.8.0", "@ethersproject/properties": "^5.8.0", "@ethersproject/random": "^5.8.0", "@ethersproject/strings": "^5.8.0", "@ethersproject/transactions": "^5.8.0", "aes-js": "3.0.0", "scrypt-js": "3.0.1" } }, "sha512-HxblNck8FVUtNxS3VTEYJAcwiKYsBIF77W15HufqlBF9gGfhmYOJtYZp8fSDZtn9y5EaXTE87zDwzxRoTFk11w=="],

    "@ethersproject/keccak256": ["@ethersproject/keccak256@5.8.0", "", { "dependencies": { "@ethersproject/bytes": "^5.8.0", "js-sha3": "0.8.0" } }, "sha512-A1pkKLZSz8pDaQ1ftutZoaN46I6+jvuqugx5KYNeQOPqq+JZ0Txm7dlWesCHB5cndJSu5vP2VKptKf7cksERng=="],

    "@ethersproject/logger": ["@ethersproject/logger@5.8.0", "", {}, "sha512-Qe6knGmY+zPPWTC+wQrpitodgBfH7XoceCGL5bJVejmH+yCS3R8jJm8iiWuvWbG76RUmyEG53oqv6GMVWqunjA=="],

    "@ethersproject/networks": ["@ethersproject/networks@5.8.0", "", { "dependencies": { "@ethersproject/logger": "^5.8.0" } }, "sha512-egPJh3aPVAzbHwq8DD7Po53J4OUSsA1MjQp8Vf/OZPav5rlmWUaFLiq8cvQiGK0Z5K6LYzm29+VA/p4RL1FzNg=="],

    "@ethersproject/pbkdf2": ["@ethersproject/pbkdf2@5.8.0", "", { "dependencies": { "@ethersproject/bytes": "^5.8.0", "@ethersproject/sha2": "^5.8.0" } }, "sha512-wuHiv97BrzCmfEaPbUFpMjlVg/IDkZThp9Ri88BpjRleg4iePJaj2SW8AIyE8cXn5V1tuAaMj6lzvsGJkGWskg=="],

    "@ethersproject/properties": ["@ethersproject/properties@5.8.0", "", { "dependencies": { "@ethersproject/logger": "^5.8.0" } }, "sha512-PYuiEoQ+FMaZZNGrStmN7+lWjlsoufGIHdww7454FIaGdbe/p5rnaCXTr5MtBYl3NkeoVhHZuyzChPeGeKIpQw=="],

    "@ethersproject/providers": ["@ethersproject/providers@5.8.0", "", { "dependencies": { "@ethersproject/abstract-provider": "^5.8.0", "@ethersproject/abstract-signer": "^5.8.0", "@ethersproject/address": "^5.8.0", "@ethersproject/base64": "^5.8.0", "@ethersproject/basex": "^5.8.0", "@ethersproject/bignumber": "^5.8.0", "@ethersproject/bytes": "^5.8.0", "@ethersproject/constants": "^5.8.0", "@ethersproject/hash": "^5.8.0", "@ethersproject/logger": "^5.8.0", "@ethersproject/networks": "^5.8.0", "@ethersproject/properties": "^5.8.0", "@ethersproject/random": "^5.8.0", "@ethersproject/rlp": "^5.8.0", "@ethersproject/sha2": "^5.8.0", "@ethersproject/strings": "^5.8.0", "@ethersproject/transactions": "^5.8.0", "@ethersproject/web": "^5.8.0", "bech32": "1.1.4", "ws": "8.18.0" } }, "sha512-3Il3oTzEx3o6kzcg9ZzbE+oCZYyY+3Zh83sKkn4s1DZfTUjIegHnN2Cm0kbn9YFy45FDVcuCLLONhU7ny0SsCw=="],

    "@ethersproject/random": ["@ethersproject/random@5.8.0", "", { "dependencies": { "@ethersproject/bytes": "^5.8.0", "@ethersproject/logger": "^5.8.0" } }, "sha512-E4I5TDl7SVqyg4/kkA/qTfuLWAQGXmSOgYyO01So8hLfwgKvYK5snIlzxJMk72IFdG/7oh8yuSqY2KX7MMwg+A=="],

    "@ethersproject/rlp": ["@ethersproject/rlp@5.8.0", "", { "dependencies": { "@ethersproject/bytes": "^5.8.0", "@ethersproject/logger": "^5.8.0" } }, "sha512-LqZgAznqDbiEunaUvykH2JAoXTT9NV0Atqk8rQN9nx9SEgThA/WMx5DnW8a9FOufo//6FZOCHZ+XiClzgbqV9Q=="],

    "@ethersproject/sha2": ["@ethersproject/sha2@5.8.0", "", { "dependencies": { "@ethersproject/bytes": "^5.8.0", "@ethersproject/logger": "^5.8.0", "hash.js": "1.1.7" } }, "sha512-dDOUrXr9wF/YFltgTBYS0tKslPEKr6AekjqDW2dbn1L1xmjGR+9GiKu4ajxovnrDbwxAKdHjW8jNcwfz8PAz4A=="],

    "@ethersproject/signing-key": ["@ethersproject/signing-key@5.8.0", "", { "dependencies": { "@ethersproject/bytes": "^5.8.0", "@ethersproject/logger": "^5.8.0", "@ethersproject/properties": "^5.8.0", "bn.js": "^5.2.1", "elliptic": "6.6.1", "hash.js": "1.1.7" } }, "sha512-LrPW2ZxoigFi6U6aVkFN/fa9Yx/+4AtIUe4/HACTvKJdhm0eeb107EVCIQcrLZkxaSIgc/eCrX8Q1GtbH+9n3w=="],

    "@ethersproject/solidity": ["@ethersproject/solidity@5.8.0", "", { "dependencies": { "@ethersproject/bignumber": "^5.8.0", "@ethersproject/bytes": "^5.8.0", "@ethersproject/keccak256": "^5.8.0", "@ethersproject/logger": "^5.8.0", "@ethersproject/sha2": "^5.8.0", "@ethersproject/strings": "^5.8.0" } }, "sha512-4CxFeCgmIWamOHwYN9d+QWGxye9qQLilpgTU0XhYs1OahkclF+ewO+3V1U0mvpiuQxm5EHHmv8f7ClVII8EHsA=="],

    "@ethersproject/strings": ["@ethersproject/strings@5.8.0", "", { "dependencies": { "@ethersproject/bytes": "^5.8.0", "@ethersproject/constants": "^5.8.0", "@ethersproject/logger": "^5.8.0" } }, "sha512-qWEAk0MAvl0LszjdfnZ2uC8xbR2wdv4cDabyHiBh3Cldq/T8dPH3V4BbBsAYJUeonwD+8afVXld274Ls+Y1xXg=="],

    "@ethersproject/transactions": ["@ethersproject/transactions@5.8.0", "", { "dependencies": { "@ethersproject/address": "^5.8.0", "@ethersproject/bignumber": "^5.8.0", "@ethersproject/bytes": "^5.8.0", "@ethersproject/constants": "^5.8.0", "@ethersproject/keccak256": "^5.8.0", "@ethersproject/logger": "^5.8.0", "@ethersproject/properties": "^5.8.0", "@ethersproject/rlp": "^5.8.0", "@ethersproject/signing-key": "^5.8.0" } }, "sha512-UglxSDjByHG0TuU17bDfCemZ3AnKO2vYrL5/2n2oXvKzvb7Cz+W9gOWXKARjp2URVwcWlQlPOEQyAviKwT4AHg=="],

    "@ethersproject/units": ["@ethersproject/units@5.8.0", "", { "dependencies": { "@ethersproject/bignumber": "^5.8.0", "@ethersproject/constants": "^5.8.0", "@ethersproject/logger": "^5.8.0" } }, "sha512-lxq0CAnc5kMGIiWW4Mr041VT8IhNM+Pn5T3haO74XZWFulk7wH1Gv64HqE96hT4a7iiNMdOCFEBgaxWuk8ETKQ=="],

    "@ethersproject/wallet": ["@ethersproject/wallet@5.8.0", "", { "dependencies": { "@ethersproject/abstract-provider": "^5.8.0", "@ethersproject/abstract-signer": "^5.8.0", "@ethersproject/address": "^5.8.0", "@ethersproject/bignumber": "^5.8.0", "@ethersproject/bytes": "^5.8.0", "@ethersproject/hash": "^5.8.0", "@ethersproject/hdnode": "^5.8.0", "@ethersproject/json-wallets": "^5.8.0", "@ethersproject/keccak256": "^5.8.0", "@ethersproject/logger": "^5.8.0", "@ethersproject/properties": "^5.8.0", "@ethersproject/random": "^5.8.0", "@ethersproject/signing-key": "^5.8.0", "@ethersproject/transactions": "^5.8.0", "@ethersproject/wordlists": "^5.8.0" } }, "sha512-G+jnzmgg6UxurVKRKvw27h0kvG75YKXZKdlLYmAHeF32TGUzHkOFd7Zn6QHOTYRFWnfjtSSFjBowKo7vfrXzPA=="],

    "@ethersproject/web": ["@ethersproject/web@5.8.0", "", { "dependencies": { "@ethersproject/base64": "^5.8.0", "@ethersproject/bytes": "^5.8.0", "@ethersproject/logger": "^5.8.0", "@ethersproject/properties": "^5.8.0", "@ethersproject/strings": "^5.8.0" } }, "sha512-j7+Ksi/9KfGviws6Qtf9Q7KCqRhpwrYKQPs+JBA/rKVFF/yaWLHJEH3zfVP2plVu+eys0d2DlFmhoQJayFewcw=="],

    "@ethersproject/wordlists": ["@ethersproject/wordlists@5.8.0", "", { "dependencies": { "@ethersproject/bytes": "^5.8.0", "@ethersproject/hash": "^5.8.0", "@ethersproject/logger": "^5.8.0", "@ethersproject/properties": "^5.8.0", "@ethersproject/strings": "^5.8.0" } }, "sha512-2df9bbXicZws2Sb5S6ET493uJ0Z84Fjr3pC4tu/qlnZERibZCeUVuqdtt+7Tv9xxhUxHoIekIA7avrKUWHrezg=="],

    "@graphprotocol/grc-20": ["@graphprotocol/grc-20@0.20.0", "", { "dependencies": { "@bufbuild/protobuf": "^1.9.0", "@changesets/cli": "^2.27.12", "effect": "^3.13.6", "ethers": "^5.7.2", "fflate": "^0.8.2", "graphql-request": "^7.1.2", "image-size": "^2.0.0", "permissionless": "^0.2.35", "position-strings": "^2.0.1", "uuid": "^11.1.0", "viem": "^2.23.6" } }, "sha512-nlCMiDIKHKHlcGjNzcXI/pZExEFpx35P8DtAVqkd+TuD2qqfiSZuVObeSgZVdHL4XQqbZSBio1oKdFKBoBaV9A=="],

    "@graphql-typed-document-node/core": ["@graphql-typed-document-node/core@3.2.0", "", { "peerDependencies": { "graphql": "^0.8.0 || ^0.9.0 || ^0.10.0 || ^0.11.0 || ^0.12.0 || ^0.13.0 || ^14.0.0 || ^15.0.0 || ^16.0.0 || ^17.0.0" } }, "sha512-mB9oAsNCm9aM3/SOv4YtBMqZbYj10R7dkq8byBqxGY/ncFwhf2oQzMV+LCRlWoDSEBJ3COiR1yeDvMtsoOsuFQ=="],

    "@manypkg/find-root": ["@manypkg/find-root@1.1.0", "", { "dependencies": { "@babel/runtime": "^7.5.5", "@types/node": "^12.7.1", "find-up": "^4.1.0", "fs-extra": "^8.1.0" } }, "sha512-mki5uBvhHzO8kYYix/WRy2WX8S3B5wdVSc9D6KcU5lQNglP2yt58/VfLuAK49glRXChosY8ap2oJ1qgma3GUVA=="],

    "@manypkg/get-packages": ["@manypkg/get-packages@1.1.3", "", { "dependencies": { "@babel/runtime": "^7.5.5", "@changesets/types": "^4.0.1", "@manypkg/find-root": "^1.1.0", "fs-extra": "^8.1.0", "globby": "^11.0.0", "read-yaml-file": "^1.1.0" } }, "sha512-fo+QhuU3qE/2TQMQmbVMqaQ6EWbMhi4ABWP+O4AM1NqPBuy0OrApV5LO6BrrgnhtAHS2NH6RrVk9OL181tTi8A=="],

    "@noble/ciphers": ["@noble/ciphers@1.3.0", "", {}, "sha512-2I0gnIVPtfnMw9ee9h1dJG7tp81+8Ob3OJb3Mv37rx5L40/b0i7djjCVvGOVqc9AEIQyvyu1i6ypKdFw8R8gQw=="],

    "@noble/curves": ["@noble/curves@1.9.2", "", { "dependencies": { "@noble/hashes": "1.8.0" } }, "sha512-HxngEd2XUcg9xi20JkwlLCtYwfoFw4JGkuZpT+WlsPD4gB/cxkvTD8fSsoAnphGZhFdZYKeQIPCuFlWPm1uE0g=="],

    "@noble/hashes": ["@noble/hashes@1.8.0", "", {}, "sha512-jCs9ldd7NwzpgXDIf6P3+NrHh9/sD6CQdxHyjQI+h/6rDNo88ypBxxz45UDuZHz9r3tNz7N/VInSVoVdtXEI4A=="],

    "@nodelib/fs.scandir": ["@nodelib/fs.scandir@2.1.5", "", { "dependencies": { "@nodelib/fs.stat": "2.0.5", "run-parallel": "^1.1.9" } }, "sha512-vq24Bq3ym5HEQm2NKCr3yXDwjc7vTsEThRDnkp2DK9p1uqLR+DHurm/NOTo0KG7HYHU7eppKZj3MyqYuMBf62g=="],

    "@nodelib/fs.stat": ["@nodelib/fs.stat@2.0.5", "", {}, "sha512-RkhPPp2zrqDAQA/2jNhnztcPAlv64XdhIp7a7454A5ovI7Bukxgt7MX7udwAu3zg1DcpPU0rz3VV1SeaqvY4+A=="],

    "@nodelib/fs.walk": ["@nodelib/fs.walk@1.2.8", "", { "dependencies": { "@nodelib/fs.scandir": "2.1.5", "fastq": "^1.6.0" } }, "sha512-oGB+UxlgWcgQkgwo8GcEGwemoTFt3FIO9ababBmaGwXIoBKZ+GTy0pP185beGg7Llih/NSHSV2XAs1lnznocSg=="],

    "@scure/base": ["@scure/base@1.2.6", "", {}, "sha512-g/nm5FgUa//MCj1gV09zTJTaM6KBAHqLN907YVQqf7zC49+DcO4B1so4ZX07Ef10Twr6nuqYEH9GEggFXA4Fmg=="],

    "@scure/bip32": ["@scure/bip32@1.7.0", "", { "dependencies": { "@noble/curves": "~1.9.0", "@noble/hashes": "~1.8.0", "@scure/base": "~1.2.5" } }, "sha512-E4FFX/N3f4B80AKWp5dP6ow+flD1LQZo/w8UnLGYZO674jS6YnYeepycOOksv+vLPSpgN35wgKgy+ybfTb2SMw=="],

    "@scure/bip39": ["@scure/bip39@1.6.0", "", { "dependencies": { "@noble/hashes": "~1.8.0", "@scure/base": "~1.2.5" } }, "sha512-+lF0BbLiJNwVlev4eKelw1WWLaiKXw7sSl8T6FvBlWkdX+94aGJ4o8XjUdlyhTCjd8c+B3KT3JfS8P0bLRNU6A=="],

    "@standard-schema/spec": ["@standard-schema/spec@1.0.0", "", {}, "sha512-m2bOd0f2RT9k8QJx1JN85cZYyH1RqFBdlwtkSlf4tBDYLCiiZnv1fIIwacK6cqwXavOydf0NPToMQgpKq+dVlA=="],

    "@types/bun": ["@types/bun@1.2.16", "", { "dependencies": { "bun-types": "1.2.16" } }, "sha512-1aCZJ/6nSiViw339RsaNhkNoEloLaPzZhxMOYEa7OzRzO41IGg5n/7I43/ZIAW/c+Q6cT12Vf7fOZOoVIzb5BQ=="],

    "@types/node": ["@types/node@24.0.3", "", { "dependencies": { "undici-types": "~7.8.0" } }, "sha512-R4I/kzCYAdRLzfiCabn9hxWfbuHS573x+r0dJMkkzThEa7pbrcDWK+9zu3e7aBOouf+rQAciqPFMnxwr0aWgKg=="],

    "@types/seedrandom": ["@types/seedrandom@2.4.34", "", {}, "sha512-ytDiArvrn/3Xk6/vtylys5tlY6eo7Ane0hvcx++TKo6RxQXuVfW0AF/oeWqAj9dN29SyhtawuXstgmPlwNcv/A=="],

    "abitype": ["abitype@1.0.8", "", { "peerDependencies": { "typescript": ">=5.0.4", "zod": "^3 >=3.22.0" }, "optionalPeers": ["typescript", "zod"] }, "sha512-ZeiI6h3GnW06uYDLx0etQtX/p8E24UaHHBj57RSjK7YBFe7iuVn07EDpOeP451D06sF27VOz9JJPlIKJmXgkEg=="],

    "aes-js": ["aes-js@3.0.0", "", {}, "sha512-H7wUZRn8WpTq9jocdxQ2c8x2sKo9ZVmzfRE13GiNJXfp7NcKYEdvl3vspKjXox6RIG2VtaRe4JFvxG4rqp2Zuw=="],

    "ansi-colors": ["ansi-colors@4.1.3", "", {}, "sha512-/6w/C21Pm1A7aZitlI5Ni/2J6FFQN8i1Cvz3kHABAAbw93v/NlvKdVOqz7CCWz/3iv/JplRSEEZ83XION15ovw=="],

    "ansi-regex": ["ansi-regex@5.0.1", "", {}, "sha512-quJQXlTSUGL2LH9SUXo8VwsY4soanhgo6LNSm84E1LBcE8s3O0wpdiRzyR9z/ZZJMlMWv37qOOb9pdJlMUEKFQ=="],

    "argparse": ["argparse@1.0.10", "", { "dependencies": { "sprintf-js": "~1.0.2" } }, "sha512-o5Roy6tNG4SL/FOkCAN6RzjiakZS25RLYFrcMttJqbdd8BWrnA+fGz57iN5Pb06pvBGvl5gQ0B48dJlslXvoTg=="],

    "array-union": ["array-union@2.1.0", "", {}, "sha512-HGyxoOTYUyCM6stUe6EJgnd4EoewAI7zMdfqO+kGjnlZmBDz/cR5pf8r/cR4Wq60sL/p0IkcjUEEPwS3GFrIyw=="],

    "bech32": ["bech32@1.1.4", "", {}, "sha512-s0IrSOzLlbvX7yp4WBfPITzpAU8sqQcpsmwXDiKwrG4r491vwCO/XpejasRNl0piBMe/DvP4Tz0mIS/X1DPJBQ=="],

    "better-path-resolve": ["better-path-resolve@1.0.0", "", { "dependencies": { "is-windows": "^1.0.0" } }, "sha512-pbnl5XzGBdrFU/wT4jqmJVPn2B6UHPBOhzMQkY/SPUPB6QtUXtmBHBIwCbXJol93mOpGMnQyP/+BB19q04xj7g=="],

    "bn.js": ["bn.js@5.2.2", "", {}, "sha512-v2YAxEmKaBLahNwE1mjp4WON6huMNeuDvagFZW+ASCuA/ku0bXR9hSMw0XpiqMoA3+rmnyck/tPRSFQkoC9Cuw=="],

    "braces": ["braces@3.0.3", "", { "dependencies": { "fill-range": "^7.1.1" } }, "sha512-yQbXgO/OSZVD2IsiLlro+7Hf6Q18EJrKSEsdoMzKePKXct3gvD8oLcOQdIzGupr5Fj+EDe8gO/lxc1BzfMpxvA=="],

    "brorand": ["brorand@1.1.0", "", {}, "sha512-cKV8tMCEpQs4hK/ik71d6LrPOnpkpGBR0wzxqr68g2m/LB2GxVYQroAjMJZRVM1Y4BCjCKc3vAamxSzOY2RP+w=="],

    "bun-types": ["bun-types@1.2.16", "", { "dependencies": { "@types/node": "*" } }, "sha512-ciXLrHV4PXax9vHvUrkvun9VPVGOVwbbbBF/Ev1cXz12lyEZMoJpIJABOfPcN9gDJRaiKF9MVbSygLg4NXu3/A=="],

    "chardet": ["chardet@0.7.0", "", {}, "sha512-mT8iDcrh03qDGRRmoA2hmBJnxpllMR+0/0qlzjqZES6NdiWDcZkCNAk4rPFZ9Q85r27unkiNNg8ZOiwZXBHwcA=="],

    "ci-info": ["ci-info@3.9.0", "", {}, "sha512-NIxF55hv4nSqQswkAeiOi1r83xy8JldOFDTWiug55KBu9Jnblncd2U6ViHmYgHf01TPZS77NJBhBMKdWj9HQMQ=="],

    "cross-spawn": ["cross-spawn@7.0.6", "", { "dependencies": { "path-key": "^3.1.0", "shebang-command": "^2.0.0", "which": "^2.0.1" } }, "sha512-uV2QOWP2nWzsy2aMp8aRibhi9dlzF5Hgh5SHaB9OiTGEyDTiJJyx0uy51QXdyWbtAHNua4XJzUKca3OzKUd3vA=="],

    "detect-indent": ["detect-indent@6.1.0", "", {}, "sha512-reYkTUJAZb9gUuZ2RvVCNhVHdg62RHnJ7WJl8ftMi4diZ6NWlciOzQN88pUhSELEwflJht4oQDv0F0BMlwaYtA=="],

    "dir-glob": ["dir-glob@3.0.1", "", { "dependencies": { "path-type": "^4.0.0" } }, "sha512-WkrWp9GR4KXfKGYzOLmTuGVi1UWFfws377n9cc55/tb6DuqyF6pcQ5AbiHEshaDpY9v6oaSr2XCDidGmMwdzIA=="],

    "effect": ["effect@3.16.8", "", { "dependencies": { "@standard-schema/spec": "^1.0.0", "fast-check": "^3.23.1" } }, "sha512-E4U0MZFBun99myxOogy9ZZ1c3IYR47L/A5GqCP9Lp+6ORag0YLmGHOrYxQ3agN1FOMTrElgtJmciicwnHdE+Ug=="],

    "elliptic": ["elliptic@6.6.1", "", { "dependencies": { "bn.js": "^4.11.9", "brorand": "^1.1.0", "hash.js": "^1.0.0", "hmac-drbg": "^1.0.1", "inherits": "^2.0.4", "minimalistic-assert": "^1.0.1", "minimalistic-crypto-utils": "^1.0.1" } }, "sha512-RaddvvMatK2LJHqFJ+YA4WysVN5Ita9E35botqIYspQ4TkRAlCicdzKOjlyv/1Za5RyTNn7di//eEV0uTAfe3g=="],

    "enquirer": ["enquirer@2.4.1", "", { "dependencies": { "ansi-colors": "^4.1.1", "strip-ansi": "^6.0.1" } }, "sha512-rRqJg/6gd538VHvR3PSrdRBb/1Vy2YfzHqzvbhGIQpDRKIa4FgV/54b5Q1xYSxOOwKvjXweS26E0Q+nAMwp2pQ=="],

    "esprima": ["esprima@4.0.1", "", { "bin": { "esparse": "./bin/esparse.js", "esvalidate": "./bin/esvalidate.js" } }, "sha512-eGuFFw7Upda+g4p+QHvnW0RyTX/SVeJBDM/gCtMARO0cLuT2HcEKnTPvhjV6aGeqrCB/sbNop0Kszm0jsaWU4A=="],

    "ethers": ["ethers@5.8.0", "", { "dependencies": { "@ethersproject/abi": "5.8.0", "@ethersproject/abstract-provider": "5.8.0", "@ethersproject/abstract-signer": "5.8.0", "@ethersproject/address": "5.8.0", "@ethersproject/base64": "5.8.0", "@ethersproject/basex": "5.8.0", "@ethersproject/bignumber": "5.8.0", "@ethersproject/bytes": "5.8.0", "@ethersproject/constants": "5.8.0", "@ethersproject/contracts": "5.8.0", "@ethersproject/hash": "5.8.0", "@ethersproject/hdnode": "5.8.0", "@ethersproject/json-wallets": "5.8.0", "@ethersproject/keccak256": "5.8.0", "@ethersproject/logger": "5.8.0", "@ethersproject/networks": "5.8.0", "@ethersproject/pbkdf2": "5.8.0", "@ethersproject/properties": "5.8.0", "@ethersproject/providers": "5.8.0", "@ethersproject/random": "5.8.0", "@ethersproject/rlp": "5.8.0", "@ethersproject/sha2": "5.8.0", "@ethersproject/signing-key": "5.8.0", "@ethersproject/solidity": "5.8.0", "@ethersproject/strings": "5.8.0", "@ethersproject/transactions": "5.8.0", "@ethersproject/units": "5.8.0", "@ethersproject/wallet": "5.8.0", "@ethersproject/web": "5.8.0", "@ethersproject/wordlists": "5.8.0" } }, "sha512-DUq+7fHrCg1aPDFCHx6UIPb3nmt2XMpM7Y/g2gLhsl3lIBqeAfOJIl1qEvRf2uq3BiKxmh6Fh5pfp2ieyek7Kg=="],

    "eventemitter3": ["eventemitter3@5.0.1", "", {}, "sha512-GWkBvjiSZK87ELrYOSESUYeVIc9mvLLf/nXalMOS5dYrgZq9o5OVkbZAVM06CVxYsCwH9BDZFPlQTlPA1j4ahA=="],

    "extendable-error": ["extendable-error@0.1.7", "", {}, "sha512-UOiS2in6/Q0FK0R0q6UY9vYpQ21mr/Qn1KOnte7vsACuNJf514WvCCUHSRCPcgjPT2bAhNIJdlE6bVap1GKmeg=="],

    "external-editor": ["external-editor@3.1.0", "", { "dependencies": { "chardet": "^0.7.0", "iconv-lite": "^0.4.24", "tmp": "^0.0.33" } }, "sha512-hMQ4CX1p1izmuLYyZqLMO/qGNw10wSv9QDCPfzXfyFrOaCSSoRfqE1Kf1s5an66J5JZC62NewG+mK49jOCtQew=="],

    "fast-check": ["fast-check@3.23.2", "", { "dependencies": { "pure-rand": "^6.1.0" } }, "sha512-h5+1OzzfCC3Ef7VbtKdcv7zsstUQwUDlYpUTvjeUsJAssPgLn7QzbboPtL5ro04Mq0rPOsMzl7q5hIbRs2wD1A=="],

    "fast-glob": ["fast-glob@3.3.3", "", { "dependencies": { "@nodelib/fs.stat": "^2.0.2", "@nodelib/fs.walk": "^1.2.3", "glob-parent": "^5.1.2", "merge2": "^1.3.0", "micromatch": "^4.0.8" } }, "sha512-7MptL8U0cqcFdzIzwOTHoilX9x5BrNqye7Z/LuC7kCMRio1EMSyqRK3BEAUD7sXRq4iT4AzTVuZdhgQ2TCvYLg=="],

    "fastq": ["fastq@1.19.1", "", { "dependencies": { "reusify": "^1.0.4" } }, "sha512-GwLTyxkCXjXbxqIhTsMI2Nui8huMPtnxg7krajPJAjnEG/iiOS7i+zCtWGZR9G0NBKbXKh6X9m9UIsYX/N6vvQ=="],

    "fflate": ["fflate@0.8.2", "", {}, "sha512-cPJU47OaAoCbg0pBvzsgpTPhmhqI5eJjh/JIu8tPj5q+T7iLvW/JAYUqmE7KOB4R1ZyEhzBaIQpQpardBF5z8A=="],

    "fill-range": ["fill-range@7.1.1", "", { "dependencies": { "to-regex-range": "^5.0.1" } }, "sha512-YsGpe3WHLK8ZYi4tWDg2Jy3ebRz2rXowDxnld4bkQB00cc/1Zw9AWnC0i9ztDJitivtQvaI9KaLyKrc+hBW0yg=="],

    "find-up": ["find-up@4.1.0", "", { "dependencies": { "locate-path": "^5.0.0", "path-exists": "^4.0.0" } }, "sha512-PpOwAdQ/YlXQ2vj8a3h8IipDuYRi3wceVQQGYWxNINccq40Anw7BlsEXCMbt1Zt+OLA6Fq9suIpIWD0OsnISlw=="],

    "fs-extra": ["fs-extra@7.0.1", "", { "dependencies": { "graceful-fs": "^4.1.2", "jsonfile": "^4.0.0", "universalify": "^0.1.0" } }, "sha512-YJDaCJZEnBmcbw13fvdAM9AwNOJwOzrE4pqMqBq5nFiEqXUqHwlK4B+3pUw6JNvfSPtX05xFHtYy/1ni01eGCw=="],

    "glob-parent": ["glob-parent@5.1.2", "", { "dependencies": { "is-glob": "^4.0.1" } }, "sha512-AOIgSQCepiJYwP3ARnGx+5VnTu2HBYdzbGP45eLw1vr3zB3vZLeyed1sC9hnbcOc9/SrMyM5RPQrkGz4aS9Zow=="],

    "globby": ["globby@11.1.0", "", { "dependencies": { "array-union": "^2.1.0", "dir-glob": "^3.0.1", "fast-glob": "^3.2.9", "ignore": "^5.2.0", "merge2": "^1.4.1", "slash": "^3.0.0" } }, "sha512-jhIXaOzy1sb8IyocaruWSn1TjmnBVs8Ayhcy83rmxNJ8q2uWKCAj3CnJY+KpGSXCueAPc0i05kVvVKtP1t9S3g=="],

    "graceful-fs": ["graceful-fs@4.2.11", "", {}, "sha512-RbJ5/jmFcNNCcDV5o9eTnBLJ/HszWV0P73bc+Ff4nS/rJj+YaS6IGyiOL0VoBYX+l1Wrl3k63h/KrH+nhJ0XvQ=="],

    "graphql": ["graphql@16.11.0", "", {}, "sha512-mS1lbMsxgQj6hge1XZ6p7GPhbrtFwUFYi3wRzXAC/FmYnyXMTvvI3td3rjmQ2u8ewXueaSvRPWaEcgVVOT9Jnw=="],

    "graphql-request": ["graphql-request@7.2.0", "", { "dependencies": { "@graphql-typed-document-node/core": "^3.2.0" }, "peerDependencies": { "graphql": "14 - 16" } }, "sha512-0GR7eQHBFYz372u9lxS16cOtEekFlZYB2qOyq8wDvzRmdRSJ0mgUVX1tzNcIzk3G+4NY+mGtSz411wZdeDF/+A=="],

    "hash.js": ["hash.js@1.1.7", "", { "dependencies": { "inherits": "^2.0.3", "minimalistic-assert": "^1.0.1" } }, "sha512-taOaskGt4z4SOANNseOviYDvjEJinIkRgmp7LbKP2YTTmVxWBl87s/uzK9r+44BclBSp2X7K1hqeNfz9JbBeXA=="],

    "hmac-drbg": ["hmac-drbg@1.0.1", "", { "dependencies": { "hash.js": "^1.0.3", "minimalistic-assert": "^1.0.0", "minimalistic-crypto-utils": "^1.0.1" } }, "sha512-Tti3gMqLdZfhOQY1Mzf/AanLiqh1WTiJgEj26ZuYQ9fbkLomzGchCws4FyrSd4VkpBfiNhaE1On+lOz894jvXg=="],

    "human-id": ["human-id@4.1.1", "", { "bin": { "human-id": "dist/cli.js" } }, "sha512-3gKm/gCSUipeLsRYZbbdA1BD83lBoWUkZ7G9VFrhWPAU76KwYo5KR8V28bpoPm/ygy0x5/GCbpRQdY7VLYCoIg=="],

    "iconv-lite": ["iconv-lite@0.4.24", "", { "dependencies": { "safer-buffer": ">= 2.1.2 < 3" } }, "sha512-v3MXnZAcvnywkTUEZomIActle7RXXeedOR31wwl7VlyoXO4Qi9arvSenNQWne1TcRwhCL1HwLI21bEqdpj8/rA=="],

    "ignore": ["ignore@5.3.2", "", {}, "sha512-hsBTNUqQTDwkWtcdYI2i06Y/nUBEsNEDJKjWdigLvegy8kDuJAS8uRlpkkcQpyEXL0Z/pjDy5HBmMjRCJ2gq+g=="],

    "image-size": ["image-size@2.0.2", "", { "bin": { "image-size": "bin/image-size.js" } }, "sha512-IRqXKlaXwgSMAMtpNzZa1ZAe8m+Sa1770Dhk8VkSsP9LS+iHD62Zd8FQKs8fbPiagBE7BzoFX23cxFnwshpV6w=="],

    "inherits": ["inherits@2.0.4", "", {}, "sha512-k/vGaX4/Yla3WzyMCvTQOXYeIHvqOKtnqBduzTHpzpQZzAskKMhZ2K+EnBiSM9zGSoIFeMpXKxa4dYeZIQqewQ=="],

    "is-extglob": ["is-extglob@2.1.1", "", {}, "sha512-SbKbANkN603Vi4jEZv49LeVJMn4yGwsbzZworEoyEiutsN3nJYdbO36zfhGJ6QEDpOZIFkDtnq5JRxmvl3jsoQ=="],

    "is-glob": ["is-glob@4.0.3", "", { "dependencies": { "is-extglob": "^2.1.1" } }, "sha512-xelSayHH36ZgE7ZWhli7pW34hNbNl8Ojv5KVmkJD4hBdD3th8Tfk9vYasLM+mXWOZhFkgZfxhLSnrwRr4elSSg=="],

    "is-number": ["is-number@7.0.0", "", {}, "sha512-41Cifkg6e8TylSpdtTpeLVMqvSBEVzTttHvERD741+pnZ8ANv0004MRL43QKPDlK9cGvNp6NZWZUBlbGXYxxng=="],

    "is-subdir": ["is-subdir@1.2.0", "", { "dependencies": { "better-path-resolve": "1.0.0" } }, "sha512-2AT6j+gXe/1ueqbW6fLZJiIw3F8iXGJtt0yDrZaBhAZEG1raiTxKWU+IPqMCzQAXOUCKdA4UDMgacKH25XG2Cw=="],

    "is-windows": ["is-windows@1.0.2", "", {}, "sha512-eXK1UInq2bPmjyX6e3VHIzMLobc4J94i4AWn+Hpq3OU5KkrRC96OAcR3PRJ/pGu6m8TRnBHP9dkXQVsT/COVIA=="],

    "isexe": ["isexe@2.0.0", "", {}, "sha512-RHxMLp9lnKHGHRng9QFhRCMbYAcVpn69smSGcq3f36xjgVVWThj4qqLbTLlq7Ssj8B+fIQ1EuCEGI2lKsyQeIw=="],

    "isows": ["isows@1.0.7", "", { "peerDependencies": { "ws": "*" } }, "sha512-I1fSfDCZL5P0v33sVqeTDSpcstAg/N+wF5HS033mogOVIp4B+oHC7oOCsA3axAbBSGTJ8QubbNmnIRN/h8U7hg=="],

    "js-sha3": ["js-sha3@0.8.0", "", {}, "sha512-gF1cRrHhIzNfToc802P800N8PpXS+evLLXfsVpowqmAFR9uwbi89WvXg2QspOmXL8QL86J4T1EpFu+yUkwJY3Q=="],

    "js-yaml": ["js-yaml@3.14.1", "", { "dependencies": { "argparse": "^1.0.7", "esprima": "^4.0.0" }, "bin": { "js-yaml": "bin/js-yaml.js" } }, "sha512-okMH7OXXJ7YrN9Ok3/SXrnu4iX9yOk+25nqX4imS2npuvTYDmo/QEZoqwZkYaIDk3jVvBOTOIEgEhaLOynBS9g=="],

    "jsonfile": ["jsonfile@4.0.0", "", { "optionalDependencies": { "graceful-fs": "^4.1.6" } }, "sha512-m6F1R3z8jjlf2imQHS2Qez5sjKWQzbuuhuJ/FKYFRZvPE3PuHcSMVZzfsLhGVOkfd20obL5SWEBew5ShlquNxg=="],

    "locate-path": ["locate-path@5.0.0", "", { "dependencies": { "p-locate": "^4.1.0" } }, "sha512-t7hw9pI+WvuwNJXwk5zVHpyhIqzg2qTlklJOf0mVxGSbe3Fp2VieZcduNYjaLDoy6p9uGpQEGWG87WpMKlNq8g=="],

    "lodash.startcase": ["lodash.startcase@4.4.0", "", {}, "sha512-+WKqsK294HMSc2jEbNgpHpd0JfIBhp7rEV4aqXWqFr6AlXov+SlcgB1Fv01y2kGe3Gc8nMW7VA0SrGuSkRfIEg=="],

    "merge2": ["merge2@1.4.1", "", {}, "sha512-8q7VEgMJW4J8tcfVPy8g09NcQwZdbwFEqhe/WZkoIzjn/3TGDwtOCYtXGxA3O8tPzpczCCDgv+P2P5y00ZJOOg=="],

    "micromatch": ["micromatch@4.0.8", "", { "dependencies": { "braces": "^3.0.3", "picomatch": "^2.3.1" } }, "sha512-PXwfBhYu0hBCPw8Dn0E+WDYb7af3dSLVWKi3HGv84IdF4TyFoC0ysxFd0Goxw7nSv4T/PzEJQxsYsEiFCKo2BA=="],

    "minimalistic-assert": ["minimalistic-assert@1.0.1", "", {}, "sha512-UtJcAD4yEaGtjPezWuO9wC4nwUnVH/8/Im3yEHQP4b67cXlD/Qr9hdITCU1xDbSEXg2XKNaP8jsReV7vQd00/A=="],

    "minimalistic-crypto-utils": ["minimalistic-crypto-utils@1.0.1", "", {}, "sha512-JIYlbt6g8i5jKfJ3xz7rF0LXmv2TkDxBLUkiBeZ7bAx4GnnNMr8xFpGnOxn6GhTEHx3SjRrZEoU+j04prX1ktg=="],

    "mri": ["mri@1.2.0", "", {}, "sha512-tzzskb3bG8LvYGFF/mDTpq3jpI6Q9wc3LEmBaghu+DdCssd1FakN7Bc0hVNmEyGq1bq3RgfkCb3cmQLpNPOroA=="],

    "os-tmpdir": ["os-tmpdir@1.0.2", "", {}, "sha512-D2FR03Vir7FIu45XBY20mTb+/ZSWB00sjU9jdQXt83gDrI4Ztz5Fs7/yy74g2N5SVQY4xY1qDr4rNddwYRVX0g=="],

    "outdent": ["outdent@0.5.0", "", {}, "sha512-/jHxFIzoMXdqPzTaCpFzAAWhpkSjZPF4Vsn6jAfNpmbH/ymsmd7Qc6VE9BGn0L6YMj6uwpQLxCECpus4ukKS9Q=="],

    "ox": ["ox@0.8.1", "", { "dependencies": { "@adraffy/ens-normalize": "^1.11.0", "@noble/ciphers": "^1.3.0", "@noble/curves": "^1.9.1", "@noble/hashes": "^1.8.0", "@scure/bip32": "^1.7.0", "@scure/bip39": "^1.6.0", "abitype": "^1.0.8", "eventemitter3": "5.0.1" }, "peerDependencies": { "typescript": ">=5.4.0" }, "optionalPeers": ["typescript"] }, "sha512-e+z5epnzV+Zuz91YYujecW8cF01mzmrUtWotJ0oEPym/G82uccs7q0WDHTYL3eiONbTUEvcZrptAKLgTBD3u2A=="],

    "p-filter": ["p-filter@2.1.0", "", { "dependencies": { "p-map": "^2.0.0" } }, "sha512-ZBxxZ5sL2HghephhpGAQdoskxplTwr7ICaehZwLIlfL6acuVgZPm8yBNuRAFBGEqtD/hmUeq9eqLg2ys9Xr/yw=="],

    "p-limit": ["p-limit@2.3.0", "", { "dependencies": { "p-try": "^2.0.0" } }, "sha512-//88mFWSJx8lxCzwdAABTJL2MyWB12+eIY7MDL2SqLmAkeKU9qxRvWuSyTjm3FUmpBEMuFfckAIqEaVGUDxb6w=="],

    "p-locate": ["p-locate@4.1.0", "", { "dependencies": { "p-limit": "^2.2.0" } }, "sha512-R79ZZ/0wAxKGu3oYMlz8jy/kbhsNrS7SKZ7PxEHBgJ5+F2mtFW2fK2cOtBh1cHYkQsbzFV7I+EoRKe6Yt0oK7A=="],

    "p-map": ["p-map@2.1.0", "", {}, "sha512-y3b8Kpd8OAN444hxfBbFfj1FY/RjtTd8tzYwhUqNYXx0fXx2iX4maP4Qr6qhIKbQXI02wTLAda4fYUbDagTUFw=="],

    "p-try": ["p-try@2.2.0", "", {}, "sha512-R4nPAVTAU0B9D35/Gk3uJf/7XYbQcyohSKdvAxIRSNghFl4e71hVoGnBNQz9cWaXxO2I10KTC+3jMdvvoKw6dQ=="],

    "package-manager-detector": ["package-manager-detector@0.2.11", "", { "dependencies": { "quansync": "^0.2.7" } }, "sha512-BEnLolu+yuz22S56CU1SUKq3XC3PkwD5wv4ikR4MfGvnRVcmzXR9DwSlW2fEamyTPyXHomBJRzgapeuBvRNzJQ=="],

    "path-exists": ["path-exists@4.0.0", "", {}, "sha512-ak9Qy5Q7jYb2Wwcey5Fpvg2KoAc/ZIhLSLOSBmRmygPsGwkVVt0fZa0qrtMz+m6tJTAHfZQ8FnmB4MG4LWy7/w=="],

    "path-key": ["path-key@3.1.1", "", {}, "sha512-ojmeN0qd+y0jszEtoY48r0Peq5dwMEkIlCOu6Q5f41lfkswXuKtYrhgoTpLnyIcHm24Uhqx+5Tqm2InSwLhE6Q=="],

    "path-type": ["path-type@4.0.0", "", {}, "sha512-gDKb8aZMDeD/tZWs9P6+q0J9Mwkdl6xMV8TjnGP3qJVJ06bdMgkbBlLU8IdfOsIsFz2BW1rNVT3XuNEl8zPAvw=="],

    "permissionless": ["permissionless@0.2.47", "", { "peerDependencies": { "ox": "0.6.7", "viem": "^2.28.1" }, "optionalPeers": ["ox"] }, "sha512-/Y+2SK+OGrPJuVZ9RcDDBL+U3wGnw3PByc610zvk2G1h//rRez3YZ9CyuMiOf7MpTh53XxmQeKsqKPna0Ilciw=="],

    "picocolors": ["picocolors@1.1.1", "", {}, "sha512-xceH2snhtb5M9liqDsmEw56le376mTZkEX/jEb/RxNFyegNul7eNslCXP9FDj/Lcu0X8KEyMceP2ntpaHrDEVA=="],

    "picomatch": ["picomatch@2.3.1", "", {}, "sha512-JU3teHTNjmE2VCGFzuY8EXzCDVwEqB2a8fsIvwaStHhAWJEeVd1o1QD80CU6+ZdEXXSLbSsuLwJjkCBWqRQUVA=="],

    "pify": ["pify@4.0.1", "", {}, "sha512-uB80kBFb/tfd68bVleG9T5GGsGPjJrLAUpR5PZIrhBnIaRTQRjqdJSsIKkOP6OAIFbj7GOrcudc5pNjZ+geV2g=="],

    "position-strings": ["position-strings@2.0.1", "", { "dependencies": { "@types/seedrandom": "^2.4.28" } }, "sha512-kPVJHLd4q1HnWROKmrbEpKZ0s1FrKt5G6W96wc1PYBGJ2Gw/ZcxhMoRbDw6g02fUiaPTM5/L/fAaUOzE7I/GUg=="],

    "prettier": ["prettier@2.8.8", "", { "bin": { "prettier": "bin-prettier.js" } }, "sha512-tdN8qQGvNjw4CHbY+XXk0JgCXn9QiF21a55rBe5LJAU+kDyC4WQn4+awm2Xfk2lQMk5fKup9XgzTZtGkjBdP9Q=="],

    "pure-rand": ["pure-rand@6.1.0", "", {}, "sha512-bVWawvoZoBYpp6yIoQtQXHZjmz35RSVHnUOTefl8Vcjr8snTPY1wnpSPMWekcFwbxI6gtmT7rSYPFvz71ldiOA=="],

    "quansync": ["quansync@0.2.10", "", {}, "sha512-t41VRkMYbkHyCYmOvx/6URnN80H7k4X0lLdBMGsz+maAwrJQYB1djpV6vHrQIBE0WBSGqhtEHrK9U3DWWH8v7A=="],

    "queue-microtask": ["queue-microtask@1.2.3", "", {}, "sha512-NuaNSa6flKT5JaSYQzJok04JzTL1CA6aGhv5rfLW3PgqA+M2ChpZQnAC8h8i4ZFkBS8X5RqkDBHA7r4hej3K9A=="],

    "read-yaml-file": ["read-yaml-file@1.1.0", "", { "dependencies": { "graceful-fs": "^4.1.5", "js-yaml": "^3.6.1", "pify": "^4.0.1", "strip-bom": "^3.0.0" } }, "sha512-VIMnQi/Z4HT2Fxuwg5KrY174U1VdUIASQVWXXyqtNRtxSr9IYkn1rsI6Tb6HsrHCmB7gVpNwX6JxPTHcH6IoTA=="],

    "resolve-from": ["resolve-from@5.0.0", "", {}, "sha512-qYg9KP24dD5qka9J47d0aVky0N+b4fTU89LN9iDnjB5waksiC49rvMB0PrUJQGoTmH50XPiqOvAjDfaijGxYZw=="],

    "reusify": ["reusify@1.1.0", "", {}, "sha512-g6QUff04oZpHs0eG5p83rFLhHeV00ug/Yf9nZM6fLeUrPguBTkTQOdpAWWspMh55TZfVQDPaN3NQJfbVRAxdIw=="],

    "run-parallel": ["run-parallel@1.2.0", "", { "dependencies": { "queue-microtask": "^1.2.2" } }, "sha512-5l4VyZR86LZ/lDxZTR6jqL8AFE2S0IFLMP26AbjsLVADxHdhB/c0GUsH+y39UfCi3dzz8OlQuPmnaJOMoDHQBA=="],

    "safer-buffer": ["safer-buffer@2.1.2", "", {}, "sha512-YZo3K82SD7Riyi0E1EQPojLz7kpepnSQI9IyPbHHg1XXXevb5dJI7tpyN2ADxGcQbHG7vcyRHk0cbwqcQriUtg=="],

    "scrypt-js": ["scrypt-js@3.0.1", "", {}, "sha512-cdwTTnqPu0Hyvf5in5asVdZocVDTNRmR7XEcJuIzMjJeSHybHl7vpB66AzwTaIg6CLSbtjcxc8fqcySfnTkccA=="],

    "semver": ["semver@7.7.2", "", { "bin": { "semver": "bin/semver.js" } }, "sha512-RF0Fw+rO5AMf9MAyaRXI4AV0Ulj5lMHqVxxdSgiVbixSCXoEmmX/jk0CuJw4+3SqroYO9VoUh+HcuJivvtJemA=="],

    "shebang-command": ["shebang-command@2.0.0", "", { "dependencies": { "shebang-regex": "^3.0.0" } }, "sha512-kHxr2zZpYtdmrN1qDjrrX/Z1rR1kG8Dx+gkpK1G4eXmvXswmcE1hTWBWYUzlraYw1/yZp6YuDY77YtvbN0dmDA=="],

    "shebang-regex": ["shebang-regex@3.0.0", "", {}, "sha512-7++dFhtcx3353uBaq8DDR4NuxBetBzC7ZQOhmTQInHEd6bSrXdiEyzCvG07Z44UYdLShWUyXt5M/yhz8ekcb1A=="],

    "signal-exit": ["signal-exit@4.1.0", "", {}, "sha512-bzyZ1e88w9O1iNJbKnOlvYTrWPDl46O1bG0D3XInv+9tkPrxrN8jUUTiFlDkkmKWgn1M6CfIA13SuGqOa9Korw=="],

    "slash": ["slash@3.0.0", "", {}, "sha512-g9Q1haeby36OSStwb4ntCGGGaKsaVSjQ68fBxoQcutl5fS1vuY18H3wSt3jFyFtrkx+Kz0V1G85A4MyAdDMi2Q=="],

    "spawndamnit": ["spawndamnit@3.0.1", "", { "dependencies": { "cross-spawn": "^7.0.5", "signal-exit": "^4.0.1" } }, "sha512-MmnduQUuHCoFckZoWnXsTg7JaiLBJrKFj9UI2MbRPGaJeVpsLcVBu6P/IGZovziM/YBsellCmsprgNA+w0CzVg=="],

    "sprintf-js": ["sprintf-js@1.0.3", "", {}, "sha512-D9cPgkvLlV3t3IzL0D0YLvGA9Ahk4PcvVwUbN0dSGr1aP0Nrt4AEnTUbuGvquEC0mA64Gqt1fzirlRs5ibXx8g=="],

    "strip-ansi": ["strip-ansi@6.0.1", "", { "dependencies": { "ansi-regex": "^5.0.1" } }, "sha512-Y38VPSHcqkFrCpFnQ9vuSXmquuv5oXOKpGeT6aGrr3o3Gc9AlVa6JBfUSOCnbxGGZF+/0ooI7KrPuUSztUdU5A=="],

    "strip-bom": ["strip-bom@3.0.0", "", {}, "sha512-vavAMRXOgBVNF6nyEEmL3DBK19iRpDcoIwW+swQ+CbGiu7lju6t+JklA1MHweoWtadgt4ISVUsXLyDq34ddcwA=="],

    "term-size": ["term-size@2.2.1", "", {}, "sha512-wK0Ri4fOGjv/XPy8SBHZChl8CM7uMc5VML7SqiQ0zG7+J5Vr+RMQDoHa2CNT6KHUnTGIXH34UDMkPzAUyapBZg=="],

    "tmp": ["tmp@0.0.33", "", { "dependencies": { "os-tmpdir": "~1.0.2" } }, "sha512-jRCJlojKnZ3addtTOjdIqoRuPEKBvNXcGYqzO6zWZX8KfKEpnGY5jfggJQ3EjKuu8D4bJRr0y+cYJFmYbImXGw=="],

    "to-regex-range": ["to-regex-range@5.0.1", "", { "dependencies": { "is-number": "^7.0.0" } }, "sha512-65P7iz6X5yEr1cwcgvQxbbIw7Uk3gOy5dIdtZ4rDveLqhrdJP+Li/Hx6tyK0NEb+2GCyneCMJiGqrADCSNk8sQ=="],

    "typescript": ["typescript@5.8.3", "", { "bin": { "tsc": "bin/tsc", "tsserver": "bin/tsserver" } }, "sha512-p1diW6TqL9L07nNxvRMM7hMMw4c5XOo/1ibL4aAIGmSAt9slTE1Xgw5KWuof2uTOvCg9BY7ZRi+GaF+7sfgPeQ=="],

    "undici-types": ["undici-types@7.8.0", "", {}, "sha512-9UJ2xGDvQ43tYyVMpuHlsgApydB8ZKfVYTsLDhXkFL/6gfkp+U8xTGdh8pMJv1SpZna0zxG1DwsKZsreLbXBxw=="],

    "universalify": ["universalify@0.1.2", "", {}, "sha512-rBJeI5CXAlmy1pV+617WB9J63U6XcazHHF2f2dbJix4XzpUF0RS3Zbj0FGIOCAva5P/d/GBOYaACQ1w+0azUkg=="],

    "uuid": ["uuid@11.1.0", "", { "bin": { "uuid": "dist/esm/bin/uuid" } }, "sha512-0/A9rDy9P7cJ+8w1c9WD9V//9Wj15Ce2MPz8Ri6032usz+NfePxx5AcN3bN+r6ZL6jEo066/yNYB3tn4pQEx+A=="],

    "viem": ["viem@2.31.3", "", { "dependencies": { "@noble/curves": "1.9.2", "@noble/hashes": "1.8.0", "@scure/bip32": "1.7.0", "@scure/bip39": "1.6.0", "abitype": "1.0.8", "isows": "1.0.7", "ox": "0.8.1", "ws": "8.18.2" }, "peerDependencies": { "typescript": ">=5.0.4" }, "optionalPeers": ["typescript"] }, "sha512-q3JGI5QFB4LEiLfg9f2ZwjUygAn2W0wMLtj++7E/L2i8Y7zKAkR4TEEOhwBn7gyYXpuc7f1vfd26PJbkEKuj5w=="],

    "which": ["which@2.0.2", "", { "dependencies": { "isexe": "^2.0.0" }, "bin": { "node-which": "./bin/node-which" } }, "sha512-BLI3Tl1TW3Pvl70l3yq3Y64i+awpwXqsGBYWkkqMtnbXgrMD+yj7rhW0kuEDxzJaYXGjEW5ogapKNMEKNMjibA=="],

    "ws": ["ws@8.18.2", "", { "peerDependencies": { "bufferutil": "^4.0.1", "utf-8-validate": ">=5.0.2" }, "optionalPeers": ["bufferutil", "utf-8-validate"] }, "sha512-DMricUmwGZUVr++AEAe2uiVM7UoO9MAVZMDu05UQOaUII0lp+zOzLLU4Xqh/JvTqklB1T4uELaaPBKyjE1r4fQ=="],

    "@ethersproject/providers/ws": ["ws@8.18.0", "", { "peerDependencies": { "bufferutil": "^4.0.1", "utf-8-validate": ">=5.0.2" }, "optionalPeers": ["bufferutil", "utf-8-validate"] }, "sha512-8VbfWfHLbbwu3+N6OKsOMpBdT4kXPDDB9cJk2bJ6mh9ucxdlnNvH1e+roYkKmN9Nxw2yjz7VzeO9oOz2zJ04Pw=="],

    "@manypkg/find-root/@types/node": ["@types/node@12.20.55", "", {}, "sha512-J8xLz7q2OFulZ2cyGTLE1TbbZcjpno7FaN6zdJNrgAdrJ+DZzh/uFR6YrTb4C+nXakvud8Q4+rbhoIWlYQbUFQ=="],

    "@manypkg/find-root/fs-extra": ["fs-extra@8.1.0", "", { "dependencies": { "graceful-fs": "^4.2.0", "jsonfile": "^4.0.0", "universalify": "^0.1.0" } }, "sha512-yhlQgA6mnOJUKOsRUFsgJdQCvkKhcz8tlZG5HBQfReYZy46OwLcY+Zia0mtdHsOo9y/hP+CxMN0TU9QxoOtG4g=="],

    "@manypkg/get-packages/@changesets/types": ["@changesets/types@4.1.0", "", {}, "sha512-LDQvVDv5Kb50ny2s25Fhm3d9QSZimsoUGBsUioj6MC3qbMUCuC8GPIvk/M6IvXx3lYhAs0lwWUQLb+VIEUCECw=="],

    "@manypkg/get-packages/fs-extra": ["fs-extra@8.1.0", "", { "dependencies": { "graceful-fs": "^4.2.0", "jsonfile": "^4.0.0", "universalify": "^0.1.0" } }, "sha512-yhlQgA6mnOJUKOsRUFsgJdQCvkKhcz8tlZG5HBQfReYZy46OwLcY+Zia0mtdHsOo9y/hP+CxMN0TU9QxoOtG4g=="],

    "elliptic/bn.js": ["bn.js@4.12.2", "", {}, "sha512-n4DSx829VRTRByMRGdjQ9iqsN0Bh4OolPsFnaZBLcbi8iXcB+kJ9s7EnRt4wILZNV3kPLHkRVfOc/HvhC3ovDw=="],
  }
}
